// !$*UTF8*$!
{
	archiveVersion = 1;
	classes = {
	};
	objectVersion = 50;
	objects = {

/* Begin PBXBuildFile section */
		EC61581724C37C390056BABF /* CustomPageViewController.swift in Sources */ = {isa = PBXBuildFile; fileRef = EC61581624C37C390056BABF /* CustomPageViewController.swift */; };
		EC61581924C37C8A0056BABF /* ViewController1.swift in Sources */ = {isa = PBXBuildFile; fileRef = EC61581824C37C8A0056BABF /* ViewController1.swift */; };
		EC61581B24C37C990056BABF /* ViewController2.swift in Sources */ = {isa = PBXBuildFile; fileRef = EC61581A24C37C990056BABF /* ViewController2.swift */; };
		EC7C0CF224C3697E0042292F /* AppDelegate.swift in Sources */ = {isa = PBXBuildFile; fileRef = EC7C0CF124C3697E0042292F /* AppDelegate.swift */; };
		EC7C0CF424C3697E0042292F /* SceneDelegate.swift in Sources */ = {isa = PBXBuildFile; fileRef = EC7C0CF324C3697E0042292F /* SceneDelegate.swift */; };
		EC7C0CF624C3697E0042292F /* ViewController.swift in Sources */ = {isa = PBXBuildFile; fileRef = EC7C0CF524C3697E0042292F /* ViewController.swift */; };
		EC7C0CF924C3697E0042292F /* Main.storyboard in Resources */ = {isa = PBXBuildFile; fileRef = EC7C0CF724C3697E0042292F /* Main.storyboard */; };
		EC7C0CFB24C369850042292F /* Assets.xcassets in Resources */ = {isa = PBXBuildFile; fileRef = EC7C0CFA24C369850042292F /* Assets.xcassets */; };
		EC7C0CFE24C369850042292F /* LaunchScreen.storyboard in Resources */ = {isa = PBXBuildFile; fileRef = EC7C0CFC24C369850042292F /* LaunchScreen.storyboard */; };
/* End PBXBuildFile section */

/* Begin PBXFileReference section */
		EC61581624C37C390056BABF /* CustomPageViewController.swift */ = {isa = PBXFileReference; lastKnownFileType = sourcecode.swift; path = CustomPageViewController.swift; sourceTree = "<group>"; };
		EC61581824C37C8A0056BABF /* ViewController1.swift */ = {isa = PBXFileReference; lastKnownFileType = sourcecode.swift; path = ViewController1.swift; sourceTree = "<group>"; };
		EC61581A24C37C990056BABF /* ViewController2.swift */ = {isa = PBXFileReference; lastKnownFileType = sourcecode.swift; path = ViewController2.swift; sourceTree = "<group>"; };
		EC7C0CEE24C3697E0042292F /* DTechHack2020.app */ = {isa = PBXFileReference; explicitFileType = wrapper.application; includeInIndex = 0; path = DTechHack2020.app; sourceTree = BUILT_PRODUCTS_DIR; };
		EC7C0CF124C3697E0042292F /* AppDelegate.swift */ = {isa = PBXFileReference; lastKnownFileType = sourcecode.swift; path = AppDelegate.swift; sourceTree = "<group>"; };
		EC7C0CF324C3697E0042292F /* SceneDelegate.swift */ = {isa = PBXFileReference; lastKnownFileType = sourcecode.swift; path = SceneDelegate.swift; sourceTree = "<group>"; };
		EC7C0CF524C3697E0042292F /* ViewController.swift */ = {isa = PBXFileReference; lastKnownFileType = sourcecode.swift; path = ViewController.swift; sourceTree = "<group>"; };
		EC7C0CF824C3697E0042292F /* Base */ = {isa = PBXFileReference; lastKnownFileType = file.storyboard; name = Base; path = Base.lproj/Main.storyboard; sourceTree = "<group>"; };
		EC7C0CFA24C369850042292F /* Assets.xcassets */ = {isa = PBXFileReference; lastKnownFileType = folder.assetcatalog; path = Assets.xcassets; sourceTree = "<group>"; };
		EC7C0CFD24C369850042292F /* Base */ = {isa = PBXFileReference; lastKnownFileType = file.storyboard; name = Base; path = Base.lproj/LaunchScreen.storyboard; sourceTree = "<group>"; };
		EC7C0CFF24C369850042292F /* Info.plist */ = {isa = PBXFileReference; lastKnownFileType = text.plist.xml; path = Info.plist; sourceTree = "<group>"; };
/* End PBXFileReference section */

/* Begin PBXFrameworksBuildPhase section */
		EC7C0CEB24C3697D0042292F /* Frameworks */ = {
			isa = PBXFrameworksBuildPhase;
			buildActionMask = 2147483647;
			files = (
			);
			runOnlyForDeploymentPostprocessing = 0;
		};
/* End PBXFrameworksBuildPhase section */

/* Begin PBXGroup section */
		EC7C0CE524C3697D0042292F = {
			isa = PBXGroup;
			children = (
				EC7C0CF024C3697E0042292F /* DTechHack2020 */,
				EC7C0CEF24C3697E0042292F /* Products */,
			);
			sourceTree = "<group>";
		};
		EC7C0CEF24C3697E0042292F /* Products */ = {
			isa = PBXGroup;
			children = (
				EC7C0CEE24C3697E0042292F /* DTechHack2020.app */,
			);
			name = Products;
			sourceTree = "<group>";
		};
		EC7C0CF024C3697E0042292F /* DTechHack2020 */ = {
			isa = PBXGroup;
			children = (
				EC7C0CF124C3697E0042292F /* AppDelegate.swift */,
				EC7C0CF324C3697E0042292F /* SceneDelegate.swift */,
				EC7C0CF524C3697E0042292F /* ViewController.swift */,
				EC7C0CF724C3697E0042292F /* Main.storyboard */,
				EC7C0CFA24C369850042292F /* Assets.xcassets */,
				EC7C0CFC24C369850042292F /* LaunchScreen.storyboard */,
				EC7C0CFF24C369850042292F /* Info.plist */,
				EC61581624C37C390056BABF /* CustomPageViewController.swift */,
				EC61581824C37C8A0056BABF /* ViewController1.swift */,
				EC61581A24C37C990056BABF /* ViewController2.swift */,
			);
			path = DTechHack2020;
			sourceTree = "<group>";
		};
/* End PBXGroup section */

/* Begin PBXNativeTarget section */
		EC7C0CED24C3697D0042292F /* DTechHack2020 */ = {
			isa = PBXNativeTarget;
			buildConfigurationList = EC7C0D0224C369850042292F /* Build configuration list for PBXNativeTarget "DTechHack2020" */;
			buildPhases = (
				EC7C0CEA24C3697D0042292F /* Sources */,
				EC7C0CEB24C3697D0042292F /* Frameworks */,
				EC7C0CEC24C3697D0042292F /* Resources */,
			);
			buildRules = (
			);
			dependencies = (
			);
			name = DTechHack2020;
			productName = DTechHack2020;
			productReference = EC7C0CEE24C3697E0042292F /* DTechHack2020.app */;
			productType = "com.apple.product-type.application";
		};
/* End PBXNativeTarget section */

/* Begin PBXProject section */
		EC7C0CE624C3697D0042292F /* Project object */ = {
			isa = PBXProject;
			attributes = {
				LastSwiftUpdateCheck = 1160;
				LastUpgradeCheck = 1160;
				ORGANIZATIONNAME = "Sophia Patterson";
				TargetAttributes = {
					EC7C0CED24C3697D0042292F = {
						CreatedOnToolsVersion = 11.6;
					};
				};
			};
			buildConfigurationList = EC7C0CE924C3697D0042292F /* Build configuration list for PBXProject "DTechHack2020" */;
			compatibilityVersion = "Xcode 9.3";
			developmentRegion = en;
			hasScannedForEncodings = 0;
			knownRegions = (
				en,
				Base,
			);
			mainGroup = EC7C0CE524C3697D0042292F;
			productRefGroup = EC7C0CEF24C3697E0042292F /* Products */;
			projectDirPath = "";
			projectRoot = "";
			targets = (
				EC7C0CED24C3697D0042292F /* DTechHack2020 */,
			);
		};
/* End PBXProject section */

/* Begin PBXResourcesBuildPhase section */
		EC7C0CEC24C3697D0042292F /* Resources */ = {
			isa = PBXResourcesBuildPhase;
			buildActionMask = 2147483647;
			files = (
				EC7C0CFE24C369850042292F /* LaunchScreen.storyboard in Resources */,
				EC7C0CFB24C369850042292F /* Assets.xcassets in Resources */,
				EC7C0CF924C3697E0042292F /* Main.storyboard in Resources */,
			);
			runOnlyForDeploymentPostprocessing = 0;
		};
/* End PBXResourcesBuildPhase section */

/* Begin PBXSourcesBuildPhase section */
		EC7C0CEA24C3697D0042292F /* Sources */ = {
			isa = PBXSourcesBuildPhase;
			buildActionMask = 2147483647;
			files = (
				EC61581724C37C390056BABF /* CustomPageViewController.swift in Sources */,
				EC61581924C37C8A0056BABF /* ViewController1.swift in Sources */,
				EC7C0CF624C3697E0042292F /* ViewController.swift in Sources */,
				EC7C0CF224C3697E0042292F /* AppDelegate.swift in Sources */,
				EC7C0CF424C3697E0042292F /* SceneDelegate.swift in Sources */,
				EC61581B24C37C990056BABF /* ViewController2.swift in Sources */,
			);
			runOnlyForDeploymentPostprocessing = 0;
		};
/* End PBXSourcesBuildPhase section */

/* Begin PBXVariantGroup section */
		EC7C0CF724C3697E0042292F /* Main.storyboard */ = {
			isa = PBXVariantGroup;
			children = (
				EC7C0CF824C3697E0042292F /* Base */,
			);
			name = Main.storyboard;
			sourceTree = "<group>";
		};
		EC7C0CFC24C369850042292F /* LaunchScreen.storyboard */ = {
			isa = PBXVariantGroup;
			children = (
				EC7C0CFD24C369850042292F /* Base */,
			);
			name = LaunchScreen.storyboard;
			sourceTree = "<group>";
		};
/* End PBXVariantGroup section */

/* Begin XCBuildConfiguration section */
		EC7C0D0024C369850042292F /* Debug */ = {
			isa = XCBuildConfiguration;
			buildSettings = {
				ALWAYS_SEARCH_USER_PATHS = NO;
				CLANG_ANALYZER_NONNULL = YES;
				CLANG_ANALYZER_NUMBER_OBJECT_CONVERSION = YES_AGGRESSIVE;
				CLANG_CXX_LANGUAGE_STANDARD = "gnu++14";
				CLANG_CXX_LIBRARY = "libc++";
				CLANG_ENABLE_MODULES = YES;
				CLANG_ENABLE_OBJC_ARC = YES;
				CLANG_ENABLE_OBJC_WEAK = YES;
				CLANG_WARN_BLOCK_CAPTURE_AUTORELEASING = YES;
				CLANG_WARN_BOOL_CONVERSION = YES;
				CLANG_WARN_COMMA = YES;
				CLANG_WARN_CONSTANT_CONVERSION = YES;
				CLANG_WARN_DEPRECATED_OBJC_IMPLEMENTATIONS = YES;
				CLANG_WARN_DIRECT_OBJC_ISA_USAGE = YES_ERROR;
				CLANG_WARN_DOCUMENTATION_COMMENTS = YES;
				CLANG_WARN_EMPTY_BODY = YES;
				CLANG_WARN_ENUM_CONVERSION = YES;
				CLANG_WARN_INFINITE_RECURSION = YES;
				CLANG_WARN_INT_CONVERSION = YES;
				CLANG_WARN_NON_LITERAL_NULL_CONVERSION = YES;
				CLANG_WARN_OBJC_IMPLICIT_RETAIN_SELF = YES;
				CLANG_WARN_OBJC_LITERAL_CONVERSION = YES;
				CLANG_WARN_OBJC_ROOT_CLASS = YES_ERROR;
				CLANG_WARN_RANGE_LOOP_ANALYSIS = YES;
				CLANG_WARN_STRICT_PROTOTYPES = YES;
				CLANG_WARN_SUSPICIOUS_MOVE = YES;
				CLANG_WARN_UNGUARDED_AVAILABILITY = YES_AGGRESSIVE;
				CLANG_WARN_UNREACHABLE_CODE = YES;
				CLANG_WARN__DUPLICATE_METHOD_MATCH = YES;
				COPY_PHASE_STRIP = NO;
				DEBUG_INFORMATION_FORMAT = dwarf;
				ENABLE_STRICT_OBJC_MSGSEND = YES;
				ENABLE_TESTABILITY = YES;
				GCC_C_LANGUAGE_STANDARD = gnu11;
				GCC_DYNAMIC_NO_PIC = NO;
				GCC_NO_COMMON_BLOCKS = YES;
				GCC_OPTIMIZATION_LEVEL = 0;
				GCC_PREPROCESSOR_DEFINITIONS = (
					"DEBUG=1",
					"$(inherited)",
				);
				GCC_WARN_64_TO_32_BIT_CONVERSION = YES;
				GCC_WARN_ABOUT_RETURN_TYPE = YES_ERROR;
				GCC_WARN_UNDECLARED_SELECTOR = YES;
				GCC_WARN_UNINITIALIZED_AUTOS = YES_AGGRESSIVE;
				GCC_WARN_UNUSED_FUNCTION = YES;
				GCC_WARN_UNUSED_VARIABLE = YES;
				IPHONEOS_DEPLOYMENT_TARGET = 13.6;
				MTL_ENABLE_DEBUG_INFO = INCLUDE_SOURCE;
				MTL_FAST_MATH = YES;
				ONLY_ACTIVE_ARCH = YES;
				SDKROOT = iphoneos;
				SWIFT_ACTIVE_COMPILATION_CONDITIONS = DEBUG;
				SWIFT_OPTIMIZATION_LEVEL = "-Onone";
			};
			name = Debug;
		};
		EC7C0D0124C369850042292F /* Release */ = {
			isa = XCBuildConfiguration;
			buildSettings = {
				ALWAYS_SEARCH_USER_PATHS = NO;
				CLANG_ANALYZER_NONNULL = YES;
				CLANG_ANALYZER_NUMBER_OBJECT_CONVERSION = YES_AGGRESSIVE;
				CLANG_CXX_LANGUAGE_STANDARD = "gnu++14";
				CLANG_CXX_LIBRARY = "libc++";
				CLANG_ENABLE_MODULES = YES;
				CLANG_ENABLE_OBJC_ARC = YES;
				CLANG_ENABLE_OBJC_WEAK = YES;
				CLANG_WARN_BLOCK_CAPTURE_AUTORELEASING = YES;
				CLANG_WARN_BOOL_CONVERSION = YES;
				CLANG_WARN_COMMA = YES;
				CLANG_WARN_CONSTANT_CONVERSION = YES;
				CLANG_WARN_DEPRECATED_OBJC_IMPLEMENTATIONS = YES;
				CLANG_WARN_DIRECT_OBJC_ISA_USAGE = YES_ERROR;
				CLANG_WARN_DOCUMENTATION_COMMENTS = YES;
				CLANG_WARN_EMPTY_BODY = YES;
				CLANG_WARN_ENUM_CONVERSION = YES;
				CLANG_WARN_INFINITE_RECURSION = YES;
				CLANG_WARN_INT_CONVERSION = YES;
				CLANG_WARN_NON_LITERAL_NULL_CONVERSION = YES;
				CLANG_WARN_OBJC_IMPLICIT_RETAIN_SELF = YES;
				CLANG_WARN_OBJC_LITERAL_CONVERSION = YES;
				CLANG_WARN_OBJC_ROOT_CLASS = YES_ERROR;
				CLANG_WARN_RANGE_LOOP_ANALYSIS = YES;
				CLANG_WARN_STRICT_PROTOTYPES = YES;
				CLANG_WARN_SUSPICIOUS_MOVE = YES;
				CLANG_WARN_UNGUARDED_AVAILABILITY = YES_AGGRESSIVE;
				CLANG_WARN_UNREACHABLE_CODE = YES;
				CLANG_WARN__DUPLICATE_METHOD_MATCH = YES;
				COPY_PHASE_STRIP = NO;
				DEBUG_INFORMATION_FORMAT = "dwarf-with-dsym";
				ENABLE_NS_ASSERTIONS = NO;
				ENABLE_STRICT_OBJC_MSGSEND = YES;
				GCC_C_LANGUAGE_STANDARD = gnu11;
				GCC_NO_COMMON_BLOCKS = YES;
				GCC_WARN_64_TO_32_BIT_CONVERSION = YES;
				GCC_WARN_ABOUT_RETURN_TYPE = YES_ERROR;
				GCC_WARN_UNDECLARED_SELECTOR = YES;
				GCC_WARN_UNINITIALIZED_AUTOS = YES_AGGRESSIVE;
				GCC_WARN_UNUSED_FUNCTION = YES;
				GCC_WARN_UNUSED_VARIABLE = YES;
				IPHONEOS_DEPLOYMENT_TARGET = 13.6;
				MTL_ENABLE_DEBUG_INFO = NO;
				MTL_FAST_MATH = YES;
				SDKROOT = iphoneos;
				SWIFT_COMPILATION_MODE = wholemodule;
				SWIFT_OPTIMIZATION_LEVEL = "-O";
				VALIDATE_PRODUCT = YES;
			};
			name = Release;
		};
		EC7C0D0324C369850042292F /* Debug */ = {
			isa = XCBuildConfiguration;
			buildSettings = {
				ASSETCATALOG_COMPILER_APPICON_NAME = AppIcon;
				CODE_SIGN_STYLE = Automatic;
				DEVELOPMENT_TEAM = 4Y852V963J;
				INFOPLIST_FILE = DTechHack2020/Info.plist;
				LD_RUNPATH_SEARCH_PATHS = (
					"$(inherited)",
					"@executable_path/Frameworks",
				);
				PRODUCT_BUNDLE_IDENTIFIER = dtech.DTechHack2020;
				PRODUCT_NAME = "$(TARGET_NAME)";
				SWIFT_VERSION = 5.0;
				TARGETED_DEVICE_FAMILY = "1,2";
			};
			name = Debug;
		};
		EC7C0D0424C369850042292F /* Release */ = {
			isa = XCBuildConfiguration;
			buildSettings = {
				ASSETCATALOG_COMPILER_APPICON_NAME = AppIcon;
				CODE_SIGN_STYLE = Automatic;
				DEVELOPMENT_TEAM = 4Y852V963J;
				INFOPLIST_FILE = DTechHack2020/Info.plist;
				LD_RUNPATH_SEARCH_PATHS = (
					"$(inherited)",
					"@executable_path/Frameworks",
				);
				PRODUCT_BUNDLE_IDENTIFIER = dtech.DTechHack2020;
				PRODUCT_NAME = "$(TARGET_NAME)";
				SWIFT_VERSION = 5.0;
				TARGETED_DEVICE_FAMILY = "1,2";
			};
			name = Release;
		};
/* End XCBuildConfiguration section */

/* Begin XCConfigurationList section */
		EC7C0CE924C3697D0042292F /* Build configuration list for PBXProject "DTechHack2020" */ = {
			isa = XCConfigurationList;
			buildConfigurations = (
				EC7C0D0024C369850042292F /* Debug */,
				EC7C0D0124C369850042292F /* Release */,
			);
			defaultConfigurationIsVisible = 0;
			defaultConfigurationName = Release;
		};
		EC7C0D0224C369850042292F /* Build configuration list for PBXNativeTarget "DTechHack2020" */ = {
			isa = XCConfigurationList;
			buildConfigurations = (
				EC7C0D0324C369850042292F /* Debug */,
				EC7C0D0424C369850042292F /* Release */,
			);
			defaultConfigurationIsVisible = 0;
			defaultConfigurationName = Release;
		};
/* End XCConfigurationList section */
	};
	rootObject = EC7C0CE624C3697D0042292F /* Project object */;
}
